// !$*UTF8*$!
{
	archiveVersion = 1;
	classes = {
	};
	objectVersion = 51;
	objects = {

/* Begin PBXBuildFile section */
		487690D0261FEAF400D86BA1 /* SwiftUIView.swift in Sources */ = {isa = PBXBuildFile; fileRef = 487690CF261FEAF400D86BA1 /* SwiftUIView.swift */; };
		48CA83BD260C3B4000A18F35 /* AppDelegate.swift in Sources */ = {isa = PBXBuildFile; fileRef = 48CA83BC260C3B4000A18F35 /* AppDelegate.swift */; };
		48CA83BF260C3B4000A18F35 /* SceneDelegate.swift in Sources */ = {isa = PBXBuildFile; fileRef = 48CA83BE260C3B4000A18F35 /* SceneDelegate.swift */; };
		48CA83C1260C3B4000A18F35 /* ViewController.swift in Sources */ = {isa = PBXBuildFile; fileRef = 48CA83C0260C3B4000A18F35 /* ViewController.swift */; };
		48CA83C4260C3B4000A18F35 /* Main.storyboard in Resources */ = {isa = PBXBuildFile; fileRef = 48CA83C2260C3B4000A18F35 /* Main.storyboard */; };
		48CA83C6260C3B4500A18F35 /* Assets.xcassets in Resources */ = {isa = PBXBuildFile; fileRef = 48CA83C5260C3B4500A18F35 /* Assets.xcassets */; };
		48CA83C9260C3B4500A18F35 /* LaunchScreen.storyboard in Resources */ = {isa = PBXBuildFile; fileRef = 48CA83C7260C3B4500A18F35 /* LaunchScreen.storyboard */; };
		48D93E3D261D539900D4DD0A /* Camera.storyboard in Resources */ = {isa = PBXBuildFile; fileRef = 48D93E3C261D539900D4DD0A /* Camera.storyboard */; };
		76C4B35126126E6D006400FB /* feed.storyboard in Resources */ = {isa = PBXBuildFile; fileRef = 76C4B35026126E6D006400FB /* feed.storyboard */; };
		76E236E82626747B00E42015 /* GoogleService-Info.plist in Resources */ = {isa = PBXBuildFile; fileRef = 76E236E72626747B00E42015 /* GoogleService-Info.plist */; };
		76E236EC262681D300E42015 /* credentials.plist in Resources */ = {isa = PBXBuildFile; fileRef = 76E236EB262681D300E42015 /* credentials.plist */; };
		F9510F1A1A947424D7933048 /* Pods_ShareSpot.framework in Frameworks */ = {isa = PBXBuildFile; fileRef = 3BDD30976165DDCCEB0807C0 /* Pods_ShareSpot.framework */; };
/* End PBXBuildFile section */

/* Begin PBXFileReference section */
		3BDD30976165DDCCEB0807C0 /* Pods_ShareSpot.framework */ = {isa = PBXFileReference; explicitFileType = wrapper.framework; includeInIndex = 0; path = Pods_ShareSpot.framework; sourceTree = BUILT_PRODUCTS_DIR; };
		487690CF261FEAF400D86BA1 /* SwiftUIView.swift */ = {isa = PBXFileReference; lastKnownFileType = sourcecode.swift; path = SwiftUIView.swift; sourceTree = "<group>"; };
		48CA83B9260C3B4000A18F35 /* ShareSpot.app */ = {isa = PBXFileReference; explicitFileType = wrapper.application; includeInIndex = 0; path = ShareSpot.app; sourceTree = BUILT_PRODUCTS_DIR; };
		48CA83BC260C3B4000A18F35 /* AppDelegate.swift */ = {isa = PBXFileReference; lastKnownFileType = sourcecode.swift; path = AppDelegate.swift; sourceTree = "<group>"; };
		48CA83BE260C3B4000A18F35 /* SceneDelegate.swift */ = {isa = PBXFileReference; lastKnownFileType = sourcecode.swift; path = SceneDelegate.swift; sourceTree = "<group>"; };
		48CA83C0260C3B4000A18F35 /* ViewController.swift */ = {isa = PBXFileReference; lastKnownFileType = sourcecode.swift; path = ViewController.swift; sourceTree = "<group>"; };
		48CA83C3260C3B4000A18F35 /* Base */ = {isa = PBXFileReference; lastKnownFileType = file.storyboard; name = Base; path = Base.lproj/Main.storyboard; sourceTree = "<group>"; };
		48CA83C5260C3B4500A18F35 /* Assets.xcassets */ = {isa = PBXFileReference; lastKnownFileType = folder.assetcatalog; path = Assets.xcassets; sourceTree = "<group>"; };
		48CA83C8260C3B4500A18F35 /* Base */ = {isa = PBXFileReference; lastKnownFileType = file.storyboard; name = Base; path = Base.lproj/LaunchScreen.storyboard; sourceTree = "<group>"; };
		48CA83CA260C3B4500A18F35 /* Info.plist */ = {isa = PBXFileReference; lastKnownFileType = text.plist.xml; path = Info.plist; sourceTree = "<group>"; };
		48D93E3C261D539900D4DD0A /* Camera.storyboard */ = {isa = PBXFileReference; lastKnownFileType = file.storyboard; path = Camera.storyboard; sourceTree = "<group>"; };
		76C4B35026126E6D006400FB /* feed.storyboard */ = {isa = PBXFileReference; lastKnownFileType = file.storyboard; path = feed.storyboard; sourceTree = "<group>"; };
		76E236E72626747B00E42015 /* GoogleService-Info.plist */ = {isa = PBXFileReference; fileEncoding = 4; lastKnownFileType = text.plist.xml; path = "GoogleService-Info.plist"; sourceTree = "<group>"; };
		76E236EB262681D300E42015 /* credentials.plist */ = {isa = PBXFileReference; fileEncoding = 4; lastKnownFileType = text.plist.xml; path = credentials.plist; sourceTree = "<group>"; };
		CA9FF287D0508955C0798BDF /* Pods-ShareSpot.debug.xcconfig */ = {isa = PBXFileReference; includeInIndex = 1; lastKnownFileType = text.xcconfig; name = "Pods-ShareSpot.debug.xcconfig"; path = "Target Support Files/Pods-ShareSpot/Pods-ShareSpot.debug.xcconfig"; sourceTree = "<group>"; };
		D90E2D38C6B5C184FC97E46D /* Pods-ShareSpot.release.xcconfig */ = {isa = PBXFileReference; includeInIndex = 1; lastKnownFileType = text.xcconfig; name = "Pods-ShareSpot.release.xcconfig"; path = "Target Support Files/Pods-ShareSpot/Pods-ShareSpot.release.xcconfig"; sourceTree = "<group>"; };
/* End PBXFileReference section */

/* Begin PBXFrameworksBuildPhase section */
		48CA83B6260C3B4000A18F35 /* Frameworks */ = {
			isa = PBXFrameworksBuildPhase;
			buildActionMask = 2147483647;
			files = (
				F9510F1A1A947424D7933048 /* Pods_ShareSpot.framework in Frameworks */,
			);
			runOnlyForDeploymentPostprocessing = 0;
		};
/* End PBXFrameworksBuildPhase section */

/* Begin PBXGroup section */
		23BE8FB1D77D0522B06E0E1C /* Frameworks */ = {
			isa = PBXGroup;
			children = (
				3BDD30976165DDCCEB0807C0 /* Pods_ShareSpot.framework */,
			);
			name = Frameworks;
			sourceTree = "<group>";
		};
		48CA83B0260C3B4000A18F35 = {
			isa = PBXGroup;
			children = (
				48CA83BB260C3B4000A18F35 /* ShareSpot */,
				48CA83BA260C3B4000A18F35 /* Products */,
				C57A25BFB2C162BF52B8F33E /* Pods */,
				23BE8FB1D77D0522B06E0E1C /* Frameworks */,
			);
			sourceTree = "<group>";
		};
		48CA83BA260C3B4000A18F35 /* Products */ = {
			isa = PBXGroup;
			children = (
				48CA83B9260C3B4000A18F35 /* ShareSpot.app */,
			);
			name = Products;
			sourceTree = "<group>";
		};
		48CA83BB260C3B4000A18F35 /* ShareSpot */ = {
			isa = PBXGroup;
			children = (
				48CA83BC260C3B4000A18F35 /* AppDelegate.swift */,
				48CA83BE260C3B4000A18F35 /* SceneDelegate.swift */,
				48CA83C0260C3B4000A18F35 /* ViewController.swift */,
				48CA83C2260C3B4000A18F35 /* Main.storyboard */,
				76C4B35026126E6D006400FB /* feed.storyboard */,
				48CA83C5260C3B4500A18F35 /* Assets.xcassets */,
				48CA83C7260C3B4500A18F35 /* LaunchScreen.storyboard */,
				48CA83CA260C3B4500A18F35 /* Info.plist */,
				48D93E3C261D539900D4DD0A /* Camera.storyboard */,
				487690CF261FEAF400D86BA1 /* SwiftUIView.swift */,
				76E236EB262681D300E42015 /* credentials.plist */,
				76E236E72626747B00E42015 /* GoogleService-Info.plist */,
			);
			path = ShareSpot;
			sourceTree = "<group>";
		};
		C57A25BFB2C162BF52B8F33E /* Pods */ = {
			isa = PBXGroup;
			children = (
				CA9FF287D0508955C0798BDF /* Pods-ShareSpot.debug.xcconfig */,
				D90E2D38C6B5C184FC97E46D /* Pods-ShareSpot.release.xcconfig */,
			);
			path = Pods;
			sourceTree = "<group>";
		};
/* End PBXGroup section */

/* Begin PBXNativeTarget section */
		48CA83B8260C3B4000A18F35 /* ShareSpot */ = {
			isa = PBXNativeTarget;
			buildConfigurationList = 48CA83CD260C3B4500A18F35 /* Build configuration list for PBXNativeTarget "ShareSpot" */;
			buildPhases = (
				116A6758781EEBB084531A65 /* [CP] Check Pods Manifest.lock */,
				48CA83B5260C3B4000A18F35 /* Sources */,
				48CA83B6260C3B4000A18F35 /* Frameworks */,
				48CA83B7260C3B4000A18F35 /* Resources */,
				A790DD1604C6FEE573E059DB /* [CP] Embed Pods Frameworks */,
				5CE7B11AE7C16BD336E15D9D /* [CP] Copy Pods Resources */,
			);
			buildRules = (
			);
			dependencies = (
			);
			name = ShareSpot;
			productName = ShareSpot;
			productReference = 48CA83B9260C3B4000A18F35 /* ShareSpot.app */;
			productType = "com.apple.product-type.application";
		};
/* End PBXNativeTarget section */

/* Begin PBXProject section */
		48CA83B1260C3B4000A18F35 /* Project object */ = {
			isa = PBXProject;
			attributes = {
				LastSwiftUpdateCheck = 1240;
				LastUpgradeCheck = 1240;
				TargetAttributes = {
					48CA83B8260C3B4000A18F35 = {
						CreatedOnToolsVersion = 12.4;
					};
				};
			};
			buildConfigurationList = 48CA83B4260C3B4000A18F35 /* Build configuration list for PBXProject "ShareSpot" */;
			compatibilityVersion = "Xcode 9.3";
			developmentRegion = en;
			hasScannedForEncodings = 0;
			knownRegions = (
				en,
				Base,
			);
			mainGroup = 48CA83B0260C3B4000A18F35;
			productRefGroup = 48CA83BA260C3B4000A18F35 /* Products */;
			projectDirPath = "";
			projectRoot = "";
			targets = (
				48CA83B8260C3B4000A18F35 /* ShareSpot */,
			);
		};
/* End PBXProject section */

/* Begin PBXResourcesBuildPhase section */
		48CA83B7260C3B4000A18F35 /* Resources */ = {
			isa = PBXResourcesBuildPhase;
			buildActionMask = 2147483647;
			files = (
				48CA83C9260C3B4500A18F35 /* LaunchScreen.storyboard in Resources */,
				76E236E82626747B00E42015 /* GoogleService-Info.plist in Resources */,
				48D93E3D261D539900D4DD0A /* Camera.storyboard in Resources */,
				48CA83C6260C3B4500A18F35 /* Assets.xcassets in Resources */,
				76C4B35126126E6D006400FB /* feed.storyboard in Resources */,
				76E236EC262681D300E42015 /* credentials.plist in Resources */,
				48CA83C4260C3B4000A18F35 /* Main.storyboard in Resources */,
			);
			runOnlyForDeploymentPostprocessing = 0;
		};
/* End PBXResourcesBuildPhase section */

/* Begin PBXShellScriptBuildPhase section */
		116A6758781EEBB084531A65 /* [CP] Check Pods Manifest.lock */ = {
			isa = PBXShellScriptBuildPhase;
			buildActionMask = 2147483647;
			files = (
			);
			inputFileListPaths = (
			);
			inputPaths = (
				"${PODS_PODFILE_DIR_PATH}/Podfile.lock",
				"${PODS_ROOT}/Manifest.lock",
			);
			name = "[CP] Check Pods Manifest.lock";
			outputFileListPaths = (
			);
			outputPaths = (
				"$(DERIVED_FILE_DIR)/Pods-ShareSpot-checkManifestLockResult.txt",
			);
			runOnlyForDeploymentPostprocessing = 0;
			shellPath = /bin/sh;
			shellScript = "diff \"${PODS_PODFILE_DIR_PATH}/Podfile.lock\" \"${PODS_ROOT}/Manifest.lock\" > /dev/null\nif [ $? != 0 ] ; then\n    # print error to STDERR\n    echo \"error: The sandbox is not in sync with the Podfile.lock. Run 'pod install' or update your CocoaPods installation.\" >&2\n    exit 1\nfi\n# This output is used by Xcode 'outputs' to avoid re-running this script phase.\necho \"SUCCESS\" > \"${SCRIPT_OUTPUT_FILE_0}\"\n";
			showEnvVarsInLog = 0;
		};
		5CE7B11AE7C16BD336E15D9D /* [CP] Copy Pods Resources */ = {
			isa = PBXShellScriptBuildPhase;
			buildActionMask = 2147483647;
			files = (
			);
			inputFileListPaths = (
				"${PODS_ROOT}/Target Support Files/Pods-ShareSpot/Pods-ShareSpot-resources-${CONFIGURATION}-input-files.xcfilelist",
			);
			name = "[CP] Copy Pods Resources";
			outputFileListPaths = (
				"${PODS_ROOT}/Target Support Files/Pods-ShareSpot/Pods-ShareSpot-resources-${CONFIGURATION}-output-files.xcfilelist",
			);
			runOnlyForDeploymentPostprocessing = 0;
			shellPath = /bin/sh;
			shellScript = "\"${PODS_ROOT}/Target Support Files/Pods-ShareSpot/Pods-ShareSpot-resources.sh\"\n";
			showEnvVarsInLog = 0;
		};
		A790DD1604C6FEE573E059DB /* [CP] Embed Pods Frameworks */ = {
			isa = PBXShellScriptBuildPhase;
			buildActionMask = 2147483647;
			files = (
			);
			inputFileListPaths = (
				"${PODS_ROOT}/Target Support Files/Pods-ShareSpot/Pods-ShareSpot-frameworks-${CONFIGURATION}-input-files.xcfilelist",
			);
			name = "[CP] Embed Pods Frameworks";
			outputFileListPaths = (
				"${PODS_ROOT}/Target Support Files/Pods-ShareSpot/Pods-ShareSpot-frameworks-${CONFIGURATION}-output-files.xcfilelist",
			);
			runOnlyForDeploymentPostprocessing = 0;
			shellPath = /bin/sh;
			shellScript = "\"${PODS_ROOT}/Target Support Files/Pods-ShareSpot/Pods-ShareSpot-frameworks.sh\"\n";
			showEnvVarsInLog = 0;
		};
/* End PBXShellScriptBuildPhase section */

/* Begin PBXSourcesBuildPhase section */
		48CA83B5260C3B4000A18F35 /* Sources */ = {
			isa = PBXSourcesBuildPhase;
			buildActionMask = 2147483647;
			files = (
				48CA83C1260C3B4000A18F35 /* ViewController.swift in Sources */,
				48CA83BD260C3B4000A18F35 /* AppDelegate.swift in Sources */,
				487690D0261FEAF400D86BA1 /* SwiftUIView.swift in Sources */,
				48CA83BF260C3B4000A18F35 /* SceneDelegate.swift in Sources */,
			);
			runOnlyForDeploymentPostprocessing = 0;
		};
/* End PBXSourcesBuildPhase section */

/* Begin PBXVariantGroup section */
		48CA83C2260C3B4000A18F35 /* Main.storyboard */ = {
			isa = PBXVariantGroup;
			children = (
				48CA83C3260C3B4000A18F35 /* Base */,
			);
			name = Main.storyboard;
			sourceTree = "<group>";
		};
		48CA83C7260C3B4500A18F35 /* LaunchScreen.storyboard */ = {
			isa = PBXVariantGroup;
			children = (
				48CA83C8260C3B4500A18F35 /* Base */,
			);
			name = LaunchScreen.storyboard;
			sourceTree = "<group>";
		};
/* End PBXVariantGroup section */

/* Begin XCBuildConfiguration section */
		48CA83CB260C3B4500A18F35 /* Debug */ = {
			isa = XCBuildConfiguration;
			buildSettings = {
				ALWAYS_SEARCH_USER_PATHS = NO;
				CLANG_ANALYZER_NONNULL = YES;
				CLANG_ANALYZER_NUMBER_OBJECT_CONVERSION = YES_AGGRESSIVE;
				CLANG_CXX_LANGUAGE_STANDARD = "gnu++14";
				CLANG_CXX_LIBRARY = "libc++";
				CLANG_ENABLE_MODULES = YES;
				CLANG_ENABLE_OBJC_ARC = YES;
				CLANG_ENABLE_OBJC_WEAK = YES;
				CLANG_WARN_BLOCK_CAPTURE_AUTORELEASING = YES;
				CLANG_WARN_BOOL_CONVERSION = YES;
				CLANG_WARN_COMMA = YES;
				CLANG_WARN_CONSTANT_CONVERSION = YES;
				CLANG_WARN_DEPRECATED_OBJC_IMPLEMENTATIONS = YES;
				CLANG_WARN_DIRECT_OBJC_ISA_USAGE = YES_ERROR;
				CLANG_WARN_DOCUMENTATION_COMMENTS = YES;
				CLANG_WARN_EMPTY_BODY = YES;
				CLANG_WARN_ENUM_CONVERSION = YES;
				CLANG_WARN_INFINITE_RECURSION = YES;
				CLANG_WARN_INT_CONVERSION = YES;
				CLANG_WARN_NON_LITERAL_NULL_CONVERSION = YES;
				CLANG_WARN_OBJC_IMPLICIT_RETAIN_SELF = YES;
				CLANG_WARN_OBJC_LITERAL_CONVERSION = YES;
				CLANG_WARN_OBJC_ROOT_CLASS = YES_ERROR;
				CLANG_WARN_QUOTED_INCLUDE_IN_FRAMEWORK_HEADER = YES;
				CLANG_WARN_RANGE_LOOP_ANALYSIS = YES;
				CLANG_WARN_STRICT_PROTOTYPES = YES;
				CLANG_WARN_SUSPICIOUS_MOVE = YES;
				CLANG_WARN_UNGUARDED_AVAILABILITY = YES_AGGRESSIVE;
				CLANG_WARN_UNREACHABLE_CODE = YES;
				CLANG_WARN__DUPLICATE_METHOD_MATCH = YES;
				COPY_PHASE_STRIP = NO;
				DEBUG_INFORMATION_FORMAT = dwarf;
				ENABLE_STRICT_OBJC_MSGSEND = YES;
				ENABLE_TESTABILITY = YES;
				GCC_C_LANGUAGE_STANDARD = gnu11;
				GCC_DYNAMIC_NO_PIC = NO;
				GCC_NO_COMMON_BLOCKS = YES;
				GCC_OPTIMIZATION_LEVEL = 0;
				GCC_PREPROCESSOR_DEFINITIONS = (
					"DEBUG=1",
					"$(inherited)",
				);
				GCC_WARN_64_TO_32_BIT_CONVERSION = YES;
				GCC_WARN_ABOUT_RETURN_TYPE = YES_ERROR;
				GCC_WARN_UNDECLARED_SELECTOR = YES;
				GCC_WARN_UNINITIALIZED_AUTOS = YES_AGGRESSIVE;
				GCC_WARN_UNUSED_FUNCTION = YES;
				GCC_WARN_UNUSED_VARIABLE = YES;
				IPHONEOS_DEPLOYMENT_TARGET = 14.4;
				MTL_ENABLE_DEBUG_INFO = INCLUDE_SOURCE;
				MTL_FAST_MATH = YES;
				ONLY_ACTIVE_ARCH = YES;
				SDKROOT = iphoneos;
				SWIFT_ACTIVE_COMPILATION_CONDITIONS = DEBUG;
				SWIFT_OPTIMIZATION_LEVEL = "-Onone";
			};
			name = Debug;
		};
		48CA83CC260C3B4500A18F35 /* Release */ = {
			isa = XCBuildConfiguration;
			buildSettings = {
				ALWAYS_SEARCH_USER_PATHS = NO;
				CLANG_ANALYZER_NONNULL = YES;
				CLANG_ANALYZER_NUMBER_OBJECT_CONVERSION = YES_AGGRESSIVE;
				CLANG_CXX_LANGUAGE_STANDARD = "gnu++14";
				CLANG_CXX_LIBRARY = "libc++";
				CLANG_ENABLE_MODULES = YES;
				CLANG_ENABLE_OBJC_ARC = YES;
				CLANG_ENABLE_OBJC_WEAK = YES;
				CLANG_WARN_BLOCK_CAPTURE_AUTORELEASING = YES;
				CLANG_WARN_BOOL_CONVERSION = YES;
				CLANG_WARN_COMMA = YES;
				CLANG_WARN_CONSTANT_CONVERSION = YES;
				CLANG_WARN_DEPRECATED_OBJC_IMPLEMENTATIONS = YES;
				CLANG_WARN_DIRECT_OBJC_ISA_USAGE = YES_ERROR;
				CLANG_WARN_DOCUMENTATION_COMMENTS = YES;
				CLANG_WARN_EMPTY_BODY = YES;
				CLANG_WARN_ENUM_CONVERSION = YES;
				CLANG_WARN_INFINITE_RECURSION = YES;
				CLANG_WARN_INT_CONVERSION = YES;
				CLANG_WARN_NON_LITERAL_NULL_CONVERSION = YES;
				CLANG_WARN_OBJC_IMPLICIT_RETAIN_SELF = YES;
				CLANG_WARN_OBJC_LITERAL_CONVERSION = YES;
				CLANG_WARN_OBJC_ROOT_CLASS = YES_ERROR;
				CLANG_WARN_QUOTED_INCLUDE_IN_FRAMEWORK_HEADER = YES;
				CLANG_WARN_RANGE_LOOP_ANALYSIS = YES;
				CLANG_WARN_STRICT_PROTOTYPES = YES;
				CLANG_WARN_SUSPICIOUS_MOVE = YES;
				CLANG_WARN_UNGUARDED_AVAILABILITY = YES_AGGRESSIVE;
				CLANG_WARN_UNREACHABLE_CODE = YES;
				CLANG_WARN__DUPLICATE_METHOD_MATCH = YES;
				COPY_PHASE_STRIP = NO;
				DEBUG_INFORMATION_FORMAT = "dwarf-with-dsym";
				ENABLE_NS_ASSERTIONS = NO;
				ENABLE_STRICT_OBJC_MSGSEND = YES;
				GCC_C_LANGUAGE_STANDARD = gnu11;
				GCC_NO_COMMON_BLOCKS = YES;
				GCC_WARN_64_TO_32_BIT_CONVERSION = YES;
				GCC_WARN_ABOUT_RETURN_TYPE = YES_ERROR;
				GCC_WARN_UNDECLARED_SELECTOR = YES;
				GCC_WARN_UNINITIALIZED_AUTOS = YES_AGGRESSIVE;
				GCC_WARN_UNUSED_FUNCTION = YES;
				GCC_WARN_UNUSED_VARIABLE = YES;
				IPHONEOS_DEPLOYMENT_TARGET = 14.4;
				MTL_ENABLE_DEBUG_INFO = NO;
				MTL_FAST_MATH = YES;
				SDKROOT = iphoneos;
				SWIFT_COMPILATION_MODE = wholemodule;
				SWIFT_OPTIMIZATION_LEVEL = "-O";
				VALIDATE_PRODUCT = YES;
			};
			name = Release;
		};
		48CA83CE260C3B4500A18F35 /* Debug */ = {
			isa = XCBuildConfiguration;
			baseConfigurationReference = CA9FF287D0508955C0798BDF /* Pods-ShareSpot.debug.xcconfig */;
			buildSettings = {
				ASSETCATALOG_COMPILER_APPICON_NAME = AppIcon;
				ASSETCATALOG_COMPILER_GLOBAL_ACCENT_COLOR_NAME = AccentColor;
				CODE_SIGN_STYLE = Automatic;
				DEVELOPMENT_TEAM = 47S9ZRLXBH;
				INFOPLIST_FILE = ShareSpot/Info.plist;
				LD_RUNPATH_SEARCH_PATHS = (
					"$(inherited)",
					"@executable_path/Frameworks",
				);
				PRODUCT_BUNDLE_IDENTIFIER = Billionairez.ShareSpot;
				PRODUCT_NAME = "$(TARGET_NAME)";
				SWIFT_VERSION = 5.0;
				TARGETED_DEVICE_FAMILY = 1;
			};
			name = Debug;
		};
		48CA83CF260C3B4500A18F35 /* Release */ = {
			isa = XCBuildConfiguration;
			baseConfigurationReference = D90E2D38C6B5C184FC97E46D /* Pods-ShareSpot.release.xcconfig */;
			buildSettings = {
				ASSETCATALOG_COMPILER_APPICON_NAME = AppIcon;
				ASSETCATALOG_COMPILER_GLOBAL_ACCENT_COLOR_NAME = AccentColor;
				CODE_SIGN_STYLE = Automatic;
				DEVELOPMENT_TEAM = 47S9ZRLXBH;
				INFOPLIST_FILE = ShareSpot/Info.plist;
				LD_RUNPATH_SEARCH_PATHS = (
					"$(inherited)",
					"@executable_path/Frameworks",
				);
				PRODUCT_BUNDLE_IDENTIFIER = Billionairez.ShareSpot;
				PRODUCT_NAME = "$(TARGET_NAME)";
				SWIFT_VERSION = 5.0;
				TARGETED_DEVICE_FAMILY = 1;
			};
			name = Release;
		};
/* End XCBuildConfiguration section */

/* Begin XCConfigurationList section */
		48CA83B4260C3B4000A18F35 /* Build configuration list for PBXProject "ShareSpot" */ = {
			isa = XCConfigurationList;
			buildConfigurations = (
				48CA83CB260C3B4500A18F35 /* Debug */,
				48CA83CC260C3B4500A18F35 /* Release */,
			);
			defaultConfigurationIsVisible = 0;
			defaultConfigurationName = Release;
		};
		48CA83CD260C3B4500A18F35 /* Build configuration list for PBXNativeTarget "ShareSpot" */ = {
			isa = XCConfigurationList;
			buildConfigurations = (
				48CA83CE260C3B4500A18F35 /* Debug */,
				48CA83CF260C3B4500A18F35 /* Release */,
			);
			defaultConfigurationIsVisible = 0;
			defaultConfigurationName = Release;
		};
/* End XCConfigurationList section */
	};
	rootObject = 48CA83B1260C3B4000A18F35 /* Project object */;
}
